# THIS IS AN AUTOGENERATED FILE. DO NOT EDIT THIS FILE DIRECTLY.
# yarn lockfile v1


"@prisma/cli@2.0.0-alpha.1139":
  version "2.0.0-alpha.1139"
  resolved "https://registry.yarnpkg.com/@prisma/cli/-/cli-2.0.0-alpha.1139.tgz#b074a84f31c49c036134cb3118a8c717dbd2b2c3"
  integrity sha512-2zc1/G3q8SstVcG77zJO5Wfg8HKTgVM7Bjlxilob/+zzVt2oT/cnDv82JzVXG9mkm6A2uUJWe4ic/H4XvIBL4g==

"@prisma/client@2.0.0-alpha.1139":
  version "2.0.0-alpha.1139"
  resolved "https://registry.yarnpkg.com/@prisma/client/-/client-2.0.0-alpha.1139.tgz#129b06bc779b73a92ea7df86081ae1111521f4c4"
  integrity sha512-VpCUkdGz5a++yNicLViEGN7bZWomNZPgeVrftJLV9zJWthdgLEa1MUzB1IedRciOT/Drzh1u1SEl4FEhnyRQfA==
